
Microsoft Visual Studio Solution File, Format Version 12.00
# Visual Studio Version 17
VisualStudioVersion = 17.5.33530.505
MinimumVisualStudioVersion = 10.0.40219.1
Project("{888888A0-9F3D-457C-B088-3A5042F75D52}") = "YoutubeMusic", "YoutubeMusic.pyproj", "{60C7871D-F647-4193-AEFC-5799428D5576}"
EndProject
Global
	GlobalSection(SolutionConfigurationPlatforms) = preSolution
		Debug|Any CPU = Debug|Any CPU
		Release|Any CPU = Release|Any CPU
	EndGlobalSection
	GlobalSection(ProjectConfigurationPlatforms) = postSolution
		{60C7871D-F647-4193-AEFC-5799428D5576}.Debug|Any CPU.ActiveCfg = Debug|Any CPU
		{60C7871D-F647-4193-AEFC-5799428D5576}.Release|Any CPU.ActiveCfg = Release|Any CPU
	EndGlobalSection
	GlobalSection(SolutionProperties) = preSolution
		HideSolutionNode = FALSE
	EndGlobalSection
	GlobalSection(ExtensibilityGlobals) = postSolution
		SolutionGuid = {09A7CE68-B4DC-4301-B886-EEF5D51873D3}
	EndGlobalSection
EndGlobal
